
Microsoft Visual Studio Solution File, Format Version 12.00
# Visual Studio 15
VisualStudioVersion = 15.0.27130.2020
MinimumVisualStudioVersion = 10.0.40219.1
Project("{FAE04EC0-301F-11D3-BF4B-00C04F79EFBC}") = "FiveOathsDowntimeUI", "FiveOathsDowntime\FiveOathsDowntimeUI.csproj", "{498B1BA5-1893-484D-9976-C94E95A9F911}"
EndProject
Project("{FAE04EC0-301F-11D3-BF4B-00C04F79EFBC}") = "FiveOathsLib", "FiveOathsLib\FiveOathsLib.csproj", "{77EBEB3C-12F2-4AD4-BBB8-AAF17FA4E935}"
EndProject
Global
	GlobalSection(SolutionConfigurationPlatforms) = preSolution
		Debug|Any CPU = Debug|Any CPU
		Debug|ARM = Debug|ARM
		Debug|x64 = Debug|x64
		Debug|x86 = Debug|x86
		Release|Any CPU = Release|Any CPU
		Release|ARM = Release|ARM
		Release|x64 = Release|x64
		Release|x86 = Release|x86
	EndGlobalSection
	GlobalSection(ProjectConfigurationPlatforms) = postSolution
		{498B1BA5-1893-484D-9976-C94E95A9F911}.Debug|Any CPU.ActiveCfg = Debug|Any CPU
		{498B1BA5-1893-484D-9976-C94E95A9F911}.Debug|Any CPU.Build.0 = Debug|Any CPU
		{498B1BA5-1893-484D-9976-C94E95A9F911}.Debug|ARM.ActiveCfg = Debug|Any CPU
		{498B1BA5-1893-484D-9976-C94E95A9F911}.Debug|ARM.Build.0 = Debug|Any CPU
		{498B1BA5-1893-484D-9976-C94E95A9F911}.Debug|x64.ActiveCfg = Debug|Any CPU
		{498B1BA5-1893-484D-9976-C94E95A9F911}.Debug|x64.Build.0 = Debug|Any CPU
		{498B1BA5-1893-484D-9976-C94E95A9F911}.Debug|x86.ActiveCfg = Debug|Any CPU
		{498B1BA5-1893-484D-9976-C94E95A9F911}.Debug|x86.Build.0 = Debug|Any CPU
		{498B1BA5-1893-484D-9976-C94E95A9F911}.Release|Any CPU.ActiveCfg = Release|Any CPU
		{498B1BA5-1893-484D-9976-C94E95A9F911}.Release|Any CPU.Build.0 = Release|Any CPU
		{498B1BA5-1893-484D-9976-C94E95A9F911}.Release|ARM.ActiveCfg = Release|Any CPU
		{498B1BA5-1893-484D-9976-C94E95A9F911}.Release|ARM.Build.0 = Release|Any CPU
		{498B1BA5-1893-484D-9976-C94E95A9F911}.Release|x64.ActiveCfg = Release|Any CPU
		{498B1BA5-1893-484D-9976-C94E95A9F911}.Release|x64.Build.0 = Release|Any CPU
		{498B1BA5-1893-484D-9976-C94E95A9F911}.Release|x86.ActiveCfg = Release|Any CPU
		{498B1BA5-1893-484D-9976-C94E95A9F911}.Release|x86.Build.0 = Release|Any CPU
		{77EBEB3C-12F2-4AD4-BBB8-AAF17FA4E935}.Debug|Any CPU.ActiveCfg = Debug|Any CPU
		{77EBEB3C-12F2-4AD4-BBB8-AAF17FA4E935}.Debug|Any CPU.Build.0 = Debug|Any CPU
		{77EBEB3C-12F2-4AD4-BBB8-AAF17FA4E935}.Debug|ARM.ActiveCfg = Debug|Any CPU
		{77EBEB3C-12F2-4AD4-BBB8-AAF17FA4E935}.Debug|ARM.Build.0 = Debug|Any CPU
		{77EBEB3C-12F2-4AD4-BBB8-AAF17FA4E935}.Debug|x64.ActiveCfg = Debug|Any CPU
		{77EBEB3C-12F2-4AD4-BBB8-AAF17FA4E935}.Debug|x64.Build.0 = Debug|Any CPU
		{77EBEB3C-12F2-4AD4-BBB8-AAF17FA4E935}.Debug|x86.ActiveCfg = Debug|Any CPU
		{77EBEB3C-12F2-4AD4-BBB8-AAF17FA4E935}.Debug|x86.Build.0 = Debug|Any CPU
		{77EBEB3C-12F2-4AD4-BBB8-AAF17FA4E935}.Release|Any CPU.ActiveCfg = Release|Any CPU
		{77EBEB3C-12F2-4AD4-BBB8-AAF17FA4E935}.Release|Any CPU.Build.0 = Release|Any CPU
		{77EBEB3C-12F2-4AD4-BBB8-AAF17FA4E935}.Release|ARM.ActiveCfg = Release|Any CPU
		{77EBEB3C-12F2-4AD4-BBB8-AAF17FA4E935}.Release|ARM.Build.0 = Release|Any CPU
		{77EBEB3C-12F2-4AD4-BBB8-AAF17FA4E935}.Release|x64.ActiveCfg = Release|Any CPU
		{77EBEB3C-12F2-4AD4-BBB8-AAF17FA4E935}.Release|x64.Build.0 = Release|Any CPU
		{77EBEB3C-12F2-4AD4-BBB8-AAF17FA4E935}.Release|x86.ActiveCfg = Release|Any CPU
		{77EBEB3C-12F2-4AD4-BBB8-AAF17FA4E935}.Release|x86.Build.0 = Release|Any CPU
	EndGlobalSection
	GlobalSection(SolutionProperties) = preSolution
		HideSolutionNode = FALSE
	EndGlobalSection
	GlobalSection(ExtensibilityGlobals) = postSolution
		SolutionGuid = {25EB844F-A68C-4775-8E03-BCF0D53353AB}
	EndGlobalSection
EndGlobal
